
Microsoft Visual Studio Solution File, Format Version 12.00
# Visual Studio Version 17
VisualStudioVersion = 17.1.32319.34
MinimumVisualStudioVersion = 10.0.40219.1
Project("{9A19103F-16F7-4668-BE54-9A1E7A4F7556}") = "a-emory-survey-api", "a-emory-survery-api\a-emory-survey-api.csproj", "{3A6AF2AF-FAA9-471F-A088-4F3A60FE64D8}"
EndProject
Global
	GlobalSection(SolutionConfigurationPlatforms) = preSolution
		Debug|Any CPU = Debug|Any CPU
		Release|Any CPU = Release|Any CPU
	EndGlobalSection
	GlobalSection(ProjectConfigurationPlatforms) = postSolution
		{3A6AF2AF-FAA9-471F-A088-4F3A60FE64D8}.Debug|Any CPU.ActiveCfg = Debug|Any CPU
		{3A6AF2AF-FAA9-471F-A088-4F3A60FE64D8}.Debug|Any CPU.Build.0 = Debug|Any CPU
		{3A6AF2AF-FAA9-471F-A088-4F3A60FE64D8}.Release|Any CPU.ActiveCfg = Release|Any CPU
		{3A6AF2AF-FAA9-471F-A088-4F3A60FE64D8}.Release|Any CPU.Build.0 = Release|Any CPU
	EndGlobalSection
	GlobalSection(SolutionProperties) = preSolution
		HideSolutionNode = FALSE
	EndGlobalSection
	GlobalSection(ExtensibilityGlobals) = postSolution
		SolutionGuid = {E33CC94B-6FBA-448C-A1BC-21794BCC4724}
	EndGlobalSection
EndGlobal
